// !$*UTF8*$!
{
	archiveVersion = 1;
	classes = {
	};
	objectVersion = 56;
	objects = {

/* Begin PBXBuildFile section */
		915866372B67B65500BF9081 /* WeatherEntity+CoreDataClass.swift in Sources */ = {isa = PBXBuildFile; fileRef = 915866352B67B65500BF9081 /* WeatherEntity+CoreDataClass.swift */; };
		915866382B67B65500BF9081 /* WeatherEntity+CoreDataProperties.swift in Sources */ = {isa = PBXBuildFile; fileRef = 915866362B67B65500BF9081 /* WeatherEntity+CoreDataProperties.swift */; };
		91594D4D2B66BE13007B4081 /* WeatherDetailTableViewCell.swift in Sources */ = {isa = PBXBuildFile; fileRef = 91594D4C2B66BE13007B4081 /* WeatherDetailTableViewCell.swift */; };
		9176A97D2B5ED385005D9312 /* AppDelegate.swift in Sources */ = {isa = PBXBuildFile; fileRef = 9176A97C2B5ED385005D9312 /* AppDelegate.swift */; };
		9176A97F2B5ED385005D9312 /* SceneDelegate.swift in Sources */ = {isa = PBXBuildFile; fileRef = 9176A97E2B5ED385005D9312 /* SceneDelegate.swift */; };
		9176A9812B5ED385005D9312 /* WeatherListViewController.swift in Sources */ = {isa = PBXBuildFile; fileRef = 9176A9802B5ED385005D9312 /* WeatherListViewController.swift */; };
		9176A9842B5ED385005D9312 /* Main.storyboard in Resources */ = {isa = PBXBuildFile; fileRef = 9176A9822B5ED385005D9312 /* Main.storyboard */; };
		9176A9862B5ED387005D9312 /* Assets.xcassets in Resources */ = {isa = PBXBuildFile; fileRef = 9176A9852B5ED387005D9312 /* Assets.xcassets */; };
		9176A9892B5ED387005D9312 /* LaunchScreen.storyboard in Resources */ = {isa = PBXBuildFile; fileRef = 9176A9872B5ED387005D9312 /* LaunchScreen.storyboard */; };
		9176A9922B5EDAC8005D9312 /* WeatherDetailViewController.swift in Sources */ = {isa = PBXBuildFile; fileRef = 9176A9912B5EDAC8005D9312 /* WeatherDetailViewController.swift */; };
		9176A9942B5EDAF2005D9312 /* AddWeatherViewController.swift in Sources */ = {isa = PBXBuildFile; fileRef = 9176A9932B5EDAF2005D9312 /* AddWeatherViewController.swift */; };
		9176A9962B5EDB20005D9312 /* SettingsViewController.swift in Sources */ = {isa = PBXBuildFile; fileRef = 9176A9952B5EDB20005D9312 /* SettingsViewController.swift */; };
		9176A99B2B5EDCA0005D9312 /* NetworkingManager.swift in Sources */ = {isa = PBXBuildFile; fileRef = 9176A99A2B5EDCA0005D9312 /* NetworkingManager.swift */; };
		9176A99D2B5EDD27005D9312 /* WeatherData.swift in Sources */ = {isa = PBXBuildFile; fileRef = 9176A99C2B5EDD27005D9312 /* WeatherData.swift */; };
		9184210D2B5F9D780089614F /* WeatherListTableViewCell.swift in Sources */ = {isa = PBXBuildFile; fileRef = 9184210C2B5F9D780089614F /* WeatherListTableViewCell.swift */; };
		918421112B5FD96B0089614F /* TableViewDataSourse.swift in Sources */ = {isa = PBXBuildFile; fileRef = 918421102B5FD96B0089614F /* TableViewDataSourse.swift */; };
		918421142B5FE46B0089614F /* SettingsViewModel.swift in Sources */ = {isa = PBXBuildFile; fileRef = 918421132B5FE46B0089614F /* SettingsViewModel.swift */; };
		9198C0EF2B6295B4000086F8 /* WeatherListViewModel.swift in Sources */ = {isa = PBXBuildFile; fileRef = 9198C0EE2B6295B4000086F8 /* WeatherListViewModel.swift */; };
		9198C0F32B629F44000086F8 /* Double+.swift in Sources */ = {isa = PBXBuildFile; fileRef = 9198C0F22B629F44000086F8 /* Double+.swift */; };
		9198C0F62B62A168000086F8 /* WeatherModel.xcdatamodeld in Sources */ = {isa = PBXBuildFile; fileRef = 9198C0F42B62A168000086F8 /* WeatherModel.xcdatamodeld */; };
		9198C0F92B62A5AA000086F8 /* Entity+CoreDataClass.swift in Sources */ = {isa = PBXBuildFile; fileRef = 9198C0F72B62A5AA000086F8 /* Entity+CoreDataClass.swift */; };
		9198C0FA2B62A5AA000086F8 /* Entity+CoreDataProperties.swift in Sources */ = {isa = PBXBuildFile; fileRef = 9198C0F82B62A5AA000086F8 /* Entity+CoreDataProperties.swift */; };
		91FFF6392B5EF99100B2EA43 /* WebService.swift in Sources */ = {isa = PBXBuildFile; fileRef = 91FFF6382B5EF99100B2EA43 /* WebService.swift */; };
/* End PBXBuildFile section */

/* Begin PBXFileReference section */
		915866352B67B65500BF9081 /* WeatherEntity+CoreDataClass.swift */ = {isa = PBXFileReference; lastKnownFileType = sourcecode.swift; path = "WeatherEntity+CoreDataClass.swift"; sourceTree = "<group>"; };
		915866362B67B65500BF9081 /* WeatherEntity+CoreDataProperties.swift */ = {isa = PBXFileReference; lastKnownFileType = sourcecode.swift; path = "WeatherEntity+CoreDataProperties.swift"; sourceTree = "<group>"; };
		91594D4C2B66BE13007B4081 /* WeatherDetailTableViewCell.swift */ = {isa = PBXFileReference; lastKnownFileType = sourcecode.swift; path = WeatherDetailTableViewCell.swift; sourceTree = "<group>"; };
		9176A9792B5ED385005D9312 /* WeatherApp.app */ = {isa = PBXFileReference; explicitFileType = wrapper.application; includeInIndex = 0; path = WeatherApp.app; sourceTree = BUILT_PRODUCTS_DIR; };
		9176A97C2B5ED385005D9312 /* AppDelegate.swift */ = {isa = PBXFileReference; lastKnownFileType = sourcecode.swift; path = AppDelegate.swift; sourceTree = "<group>"; };
		9176A97E2B5ED385005D9312 /* SceneDelegate.swift */ = {isa = PBXFileReference; lastKnownFileType = sourcecode.swift; path = SceneDelegate.swift; sourceTree = "<group>"; };
		9176A9802B5ED385005D9312 /* WeatherListViewController.swift */ = {isa = PBXFileReference; lastKnownFileType = sourcecode.swift; path = WeatherListViewController.swift; sourceTree = "<group>"; };
		9176A9832B5ED385005D9312 /* Base */ = {isa = PBXFileReference; lastKnownFileType = file.storyboard; name = Base; path = Base.lproj/Main.storyboard; sourceTree = "<group>"; };
		9176A9852B5ED387005D9312 /* Assets.xcassets */ = {isa = PBXFileReference; lastKnownFileType = folder.assetcatalog; path = Assets.xcassets; sourceTree = "<group>"; };
		9176A9882B5ED387005D9312 /* Base */ = {isa = PBXFileReference; lastKnownFileType = file.storyboard; name = Base; path = Base.lproj/LaunchScreen.storyboard; sourceTree = "<group>"; };
		9176A98A2B5ED387005D9312 /* Info.plist */ = {isa = PBXFileReference; lastKnownFileType = text.plist.xml; path = Info.plist; sourceTree = "<group>"; };
		9176A9912B5EDAC8005D9312 /* WeatherDetailViewController.swift */ = {isa = PBXFileReference; lastKnownFileType = sourcecode.swift; path = WeatherDetailViewController.swift; sourceTree = "<group>"; };
		9176A9932B5EDAF2005D9312 /* AddWeatherViewController.swift */ = {isa = PBXFileReference; lastKnownFileType = sourcecode.swift; path = AddWeatherViewController.swift; sourceTree = "<group>"; };
		9176A9952B5EDB20005D9312 /* SettingsViewController.swift */ = {isa = PBXFileReference; lastKnownFileType = sourcecode.swift; path = SettingsViewController.swift; sourceTree = "<group>"; };
		9176A99A2B5EDCA0005D9312 /* NetworkingManager.swift */ = {isa = PBXFileReference; lastKnownFileType = sourcecode.swift; path = NetworkingManager.swift; sourceTree = "<group>"; };
		9176A99C2B5EDD27005D9312 /* WeatherData.swift */ = {isa = PBXFileReference; lastKnownFileType = sourcecode.swift; path = WeatherData.swift; sourceTree = "<group>"; };
		9184210C2B5F9D780089614F /* WeatherListTableViewCell.swift */ = {isa = PBXFileReference; lastKnownFileType = sourcecode.swift; path = WeatherListTableViewCell.swift; sourceTree = "<group>"; };
		918421102B5FD96B0089614F /* TableViewDataSourse.swift */ = {isa = PBXFileReference; lastKnownFileType = sourcecode.swift; path = TableViewDataSourse.swift; sourceTree = "<group>"; };
		918421132B5FE46B0089614F /* SettingsViewModel.swift */ = {isa = PBXFileReference; lastKnownFileType = sourcecode.swift; path = SettingsViewModel.swift; sourceTree = "<group>"; };
		9198C0EE2B6295B4000086F8 /* WeatherListViewModel.swift */ = {isa = PBXFileReference; lastKnownFileType = sourcecode.swift; path = WeatherListViewModel.swift; sourceTree = "<group>"; };
		9198C0F22B629F44000086F8 /* Double+.swift */ = {isa = PBXFileReference; lastKnownFileType = sourcecode.swift; path = "Double+.swift"; sourceTree = "<group>"; };
		9198C0F52B62A168000086F8 /* WeatherModel.xcdatamodel */ = {isa = PBXFileReference; lastKnownFileType = wrapper.xcdatamodel; path = WeatherModel.xcdatamodel; sourceTree = "<group>"; };
		9198C0F72B62A5AA000086F8 /* Entity+CoreDataClass.swift */ = {isa = PBXFileReference; lastKnownFileType = sourcecode.swift; path = "Entity+CoreDataClass.swift"; sourceTree = "<group>"; };
		9198C0F82B62A5AA000086F8 /* Entity+CoreDataProperties.swift */ = {isa = PBXFileReference; lastKnownFileType = sourcecode.swift; path = "Entity+CoreDataProperties.swift"; sourceTree = "<group>"; };
		91FFF6382B5EF99100B2EA43 /* WebService.swift */ = {isa = PBXFileReference; lastKnownFileType = sourcecode.swift; path = WebService.swift; sourceTree = "<group>"; };
/* End PBXFileReference section */

/* Begin PBXFrameworksBuildPhase section */
		9176A9762B5ED385005D9312 /* Frameworks */ = {
			isa = PBXFrameworksBuildPhase;
			buildActionMask = 2147483647;
			files = (
			);
			runOnlyForDeploymentPostprocessing = 0;
		};
/* End PBXFrameworksBuildPhase section */

/* Begin PBXGroup section */
		9176A9702B5ED385005D9312 = {
			isa = PBXGroup;
			children = (
				9176A97B2B5ED385005D9312 /* WeatherApp */,
				9176A97A2B5ED385005D9312 /* Products */,
			);
			sourceTree = "<group>";
		};
		9176A97A2B5ED385005D9312 /* Products */ = {
			isa = PBXGroup;
			children = (
				9176A9792B5ED385005D9312 /* WeatherApp.app */,
			);
			name = Products;
			sourceTree = "<group>";
		};
		9176A97B2B5ED385005D9312 /* WeatherApp */ = {
			isa = PBXGroup;
			children = (
				9198C0F12B629F17000086F8 /* Extensions */,
				918421122B5FE44C0089614F /* ViewModel */,
				9176A9972B5EDC4C005D9312 /* App */,
				9176A9982B5EDC53005D9312 /* Model */,
				9176A9992B5EDC60005D9312 /* Networking */,
				9176A9902B5EDA83005D9312 /* ViewControllers */,
				9198C0FB2B62A615000086F8 /* DB */,
				9184210F2B5FD9120089614F /* Helpers */,
				9176A9822B5ED385005D9312 /* Main.storyboard */,
				9176A9852B5ED387005D9312 /* Assets.xcassets */,
				9176A9872B5ED387005D9312 /* LaunchScreen.storyboard */,
				9176A98A2B5ED387005D9312 /* Info.plist */,
			);
			path = WeatherApp;
			sourceTree = "<group>";
		};
		9176A9902B5EDA83005D9312 /* ViewControllers */ = {
			isa = PBXGroup;
			children = (
				918421072B5F8B5E0089614F /* Cell */,
				9176A9802B5ED385005D9312 /* WeatherListViewController.swift */,
				9176A9912B5EDAC8005D9312 /* WeatherDetailViewController.swift */,
				9176A9932B5EDAF2005D9312 /* AddWeatherViewController.swift */,
				9176A9952B5EDB20005D9312 /* SettingsViewController.swift */,
			);
			path = ViewControllers;
			sourceTree = "<group>";
		};
		9176A9972B5EDC4C005D9312 /* App */ = {
			isa = PBXGroup;
			children = (
				9176A97C2B5ED385005D9312 /* AppDelegate.swift */,
				9176A97E2B5ED385005D9312 /* SceneDelegate.swift */,
			);
			path = App;
			sourceTree = "<group>";
		};
		9176A9982B5EDC53005D9312 /* Model */ = {
			isa = PBXGroup;
			children = (
				9176A99C2B5EDD27005D9312 /* WeatherData.swift */,
			);
			path = Model;
			sourceTree = "<group>";
		};
		9176A9992B5EDC60005D9312 /* Networking */ = {
			isa = PBXGroup;
			children = (
				9176A99A2B5EDCA0005D9312 /* NetworkingManager.swift */,
				91FFF6382B5EF99100B2EA43 /* WebService.swift */,
			);
			path = Networking;
			sourceTree = "<group>";
		};
		918421072B5F8B5E0089614F /* Cell */ = {
			isa = PBXGroup;
			children = (
				9184210C2B5F9D780089614F /* WeatherListTableViewCell.swift */,
				91594D4C2B66BE13007B4081 /* WeatherDetailTableViewCell.swift */,
			);
			path = Cell;
			sourceTree = "<group>";
		};
		9184210F2B5FD9120089614F /* Helpers */ = {
			isa = PBXGroup;
			children = (
				918421102B5FD96B0089614F /* TableViewDataSourse.swift */,
			);
			path = Helpers;
			sourceTree = "<group>";
		};
		918421122B5FE44C0089614F /* ViewModel */ = {
			isa = PBXGroup;
			children = (
				918421132B5FE46B0089614F /* SettingsViewModel.swift */,
				9198C0EE2B6295B4000086F8 /* WeatherListViewModel.swift */,
			);
			path = ViewModel;
			sourceTree = "<group>";
		};
		9198C0F12B629F17000086F8 /* Extensions */ = {
			isa = PBXGroup;
			children = (
				9198C0F22B629F44000086F8 /* Double+.swift */,
			);
			path = Extensions;
			sourceTree = "<group>";
		};
		9198C0FB2B62A615000086F8 /* DB */ = {
			isa = PBXGroup;
			children = (
				9198C0F42B62A168000086F8 /* WeatherModel.xcdatamodeld */,
				9198C0F72B62A5AA000086F8 /* Entity+CoreDataClass.swift */,
				9198C0F82B62A5AA000086F8 /* Entity+CoreDataProperties.swift */,
				915866352B67B65500BF9081 /* WeatherEntity+CoreDataClass.swift */,
				915866362B67B65500BF9081 /* WeatherEntity+CoreDataProperties.swift */,
			);
			path = DB;
			sourceTree = "<group>";
		};
/* End PBXGroup section */

/* Begin PBXNativeTarget section */
		9176A9782B5ED385005D9312 /* WeatherApp */ = {
			isa = PBXNativeTarget;
			buildConfigurationList = 9176A98D2B5ED387005D9312 /* Build configuration list for PBXNativeTarget "WeatherApp" */;
			buildPhases = (
				9176A9752B5ED385005D9312 /* Sources */,
				9176A9762B5ED385005D9312 /* Frameworks */,
				9176A9772B5ED385005D9312 /* Resources */,
			);
			buildRules = (
			);
			dependencies = (
			);
			name = WeatherApp;
			productName = WeatherApp;
			productReference = 9176A9792B5ED385005D9312 /* WeatherApp.app */;
			productType = "com.apple.product-type.application";
		};
/* End PBXNativeTarget section */

/* Begin PBXProject section */
		9176A9712B5ED385005D9312 /* Project object */ = {
			isa = PBXProject;
			attributes = {
				BuildIndependentTargetsInParallel = 1;
				LastSwiftUpdateCheck = 1500;
				LastUpgradeCheck = 1500;
				TargetAttributes = {
					9176A9782B5ED385005D9312 = {
						CreatedOnToolsVersion = 15.0.1;
					};
				};
			};
			buildConfigurationList = 9176A9742B5ED385005D9312 /* Build configuration list for PBXProject "WeatherApp" */;
			compatibilityVersion = "Xcode 14.0";
			developmentRegion = en;
			hasScannedForEncodings = 0;
			knownRegions = (
				en,
				Base,
			);
			mainGroup = 9176A9702B5ED385005D9312;
			productRefGroup = 9176A97A2B5ED385005D9312 /* Products */;
			projectDirPath = "";
			projectRoot = "";
			targets = (
				9176A9782B5ED385005D9312 /* WeatherApp */,
			);
		};
/* End PBXProject section */

/* Begin PBXResourcesBuildPhase section */
		9176A9772B5ED385005D9312 /* Resources */ = {
			isa = PBXResourcesBuildPhase;
			buildActionMask = 2147483647;
			files = (
				9176A9892B5ED387005D9312 /* LaunchScreen.storyboard in Resources */,
				9176A9862B5ED387005D9312 /* Assets.xcassets in Resources */,
				9176A9842B5ED385005D9312 /* Main.storyboard in Resources */,
			);
			runOnlyForDeploymentPostprocessing = 0;
		};
/* End PBXResourcesBuildPhase section */

/* Begin PBXSourcesBuildPhase section */
		9176A9752B5ED385005D9312 /* Sources */ = {
			isa = PBXSourcesBuildPhase;
			buildActionMask = 2147483647;
			files = (
				91FFF6392B5EF99100B2EA43 /* WebService.swift in Sources */,
				9176A9812B5ED385005D9312 /* WeatherListViewController.swift in Sources */,
				9176A9942B5EDAF2005D9312 /* AddWeatherViewController.swift in Sources */,
				915866372B67B65500BF9081 /* WeatherEntity+CoreDataClass.swift in Sources */,
				9176A97D2B5ED385005D9312 /* AppDelegate.swift in Sources */,
				915866382B67B65500BF9081 /* WeatherEntity+CoreDataProperties.swift in Sources */,
				9184210D2B5F9D780089614F /* WeatherListTableViewCell.swift in Sources */,
				918421112B5FD96B0089614F /* TableViewDataSourse.swift in Sources */,
				9198C0FA2B62A5AA000086F8 /* Entity+CoreDataProperties.swift in Sources */,
				9198C0F92B62A5AA000086F8 /* Entity+CoreDataClass.swift in Sources */,
				9176A9922B5EDAC8005D9312 /* WeatherDetailViewController.swift in Sources */,
				9176A97F2B5ED385005D9312 /* SceneDelegate.swift in Sources */,
				9198C0F32B629F44000086F8 /* Double+.swift in Sources */,
				9198C0F62B62A168000086F8 /* WeatherModel.xcdatamodeld in Sources */,
				91594D4D2B66BE13007B4081 /* WeatherDetailTableViewCell.swift in Sources */,
				9176A9962B5EDB20005D9312 /* SettingsViewController.swift in Sources */,
				9176A99D2B5EDD27005D9312 /* WeatherData.swift in Sources */,
				9176A99B2B5EDCA0005D9312 /* NetworkingManager.swift in Sources */,
				9198C0EF2B6295B4000086F8 /* WeatherListViewModel.swift in Sources */,
				918421142B5FE46B0089614F /* SettingsViewModel.swift in Sources */,
			);
			runOnlyForDeploymentPostprocessing = 0;
		};
/* End PBXSourcesBuildPhase section */

/* Begin PBXVariantGroup section */
		9176A9822B5ED385005D9312 /* Main.storyboard */ = {
			isa = PBXVariantGroup;
			children = (
				9176A9832B5ED385005D9312 /* Base */,
			);
			name = Main.storyboard;
			sourceTree = "<group>";
		};
		9176A9872B5ED387005D9312 /* LaunchScreen.storyboard */ = {
			isa = PBXVariantGroup;
			children = (
				9176A9882B5ED387005D9312 /* Base */,
			);
			name = LaunchScreen.storyboard;
			sourceTree = "<group>";
		};
/* End PBXVariantGroup section */

/* Begin XCBuildConfiguration section */
		9176A98B2B5ED387005D9312 /* Debug */ = {
			isa = XCBuildConfiguration;
			buildSettings = {
				ALWAYS_SEARCH_USER_PATHS = NO;
				ASSETCATALOG_COMPILER_GENERATE_SWIFT_ASSET_SYMBOL_EXTENSIONS = YES;
				CLANG_ANALYZER_NONNULL = YES;
				CLANG_ANALYZER_NUMBER_OBJECT_CONVERSION = YES_AGGRESSIVE;
				CLANG_CXX_LANGUAGE_STANDARD = "gnu++20";
				CLANG_ENABLE_MODULES = YES;
				CLANG_ENABLE_OBJC_ARC = YES;
				CLANG_ENABLE_OBJC_WEAK = YES;
				CLANG_WARN_BLOCK_CAPTURE_AUTORELEASING = YES;
				CLANG_WARN_BOOL_CONVERSION = YES;
				CLANG_WARN_COMMA = YES;
				CLANG_WARN_CONSTANT_CONVERSION = YES;
				CLANG_WARN_DEPRECATED_OBJC_IMPLEMENTATIONS = YES;
				CLANG_WARN_DIRECT_OBJC_ISA_USAGE = YES_ERROR;
				CLANG_WARN_DOCUMENTATION_COMMENTS = YES;
				CLANG_WARN_EMPTY_BODY = YES;
				CLANG_WARN_ENUM_CONVERSION = YES;
				CLANG_WARN_INFINITE_RECURSION = YES;
				CLANG_WARN_INT_CONVERSION = YES;
				CLANG_WARN_NON_LITERAL_NULL_CONVERSION = YES;
				CLANG_WARN_OBJC_IMPLICIT_RETAIN_SELF = YES;
				CLANG_WARN_OBJC_LITERAL_CONVERSION = YES;
				CLANG_WARN_OBJC_ROOT_CLASS = YES_ERROR;
				CLANG_WARN_QUOTED_INCLUDE_IN_FRAMEWORK_HEADER = YES;
				CLANG_WARN_RANGE_LOOP_ANALYSIS = YES;
				CLANG_WARN_STRICT_PROTOTYPES = YES;
				CLANG_WARN_SUSPICIOUS_MOVE = YES;
				CLANG_WARN_UNGUARDED_AVAILABILITY = YES_AGGRESSIVE;
				CLANG_WARN_UNREACHABLE_CODE = YES;
				CLANG_WARN__DUPLICATE_METHOD_MATCH = YES;
				COPY_PHASE_STRIP = NO;
				DEBUG_INFORMATION_FORMAT = dwarf;
				ENABLE_STRICT_OBJC_MSGSEND = YES;
				ENABLE_TESTABILITY = YES;
				ENABLE_USER_SCRIPT_SANDBOXING = YES;
				GCC_C_LANGUAGE_STANDARD = gnu17;
				GCC_DYNAMIC_NO_PIC = NO;
				GCC_NO_COMMON_BLOCKS = YES;
				GCC_OPTIMIZATION_LEVEL = 0;
				GCC_PREPROCESSOR_DEFINITIONS = (
					"DEBUG=1",
					"$(inherited)",
				);
				GCC_WARN_64_TO_32_BIT_CONVERSION = YES;
				GCC_WARN_ABOUT_RETURN_TYPE = YES_ERROR;
				GCC_WARN_UNDECLARED_SELECTOR = YES;
				GCC_WARN_UNINITIALIZED_AUTOS = YES_AGGRESSIVE;
				GCC_WARN_UNUSED_FUNCTION = YES;
				GCC_WARN_UNUSED_VARIABLE = YES;
				IPHONEOS_DEPLOYMENT_TARGET = 17.0;
				LOCALIZATION_PREFERS_STRING_CATALOGS = YES;
				MTL_ENABLE_DEBUG_INFO = INCLUDE_SOURCE;
				MTL_FAST_MATH = YES;
				ONLY_ACTIVE_ARCH = YES;
				SDKROOT = iphoneos;
				SWIFT_ACTIVE_COMPILATION_CONDITIONS = "DEBUG $(inherited)";
				SWIFT_OPTIMIZATION_LEVEL = "-Onone";
			};
			name = Debug;
		};
		9176A98C2B5ED387005D9312 /* Release */ = {
			isa = XCBuildConfiguration;
			buildSettings = {
				ALWAYS_SEARCH_USER_PATHS = NO;
				ASSETCATALOG_COMPILER_GENERATE_SWIFT_ASSET_SYMBOL_EXTENSIONS = YES;
				CLANG_ANALYZER_NONNULL = YES;
				CLANG_ANALYZER_NUMBER_OBJECT_CONVERSION = YES_AGGRESSIVE;
				CLANG_CXX_LANGUAGE_STANDARD = "gnu++20";
				CLANG_ENABLE_MODULES = YES;
				CLANG_ENABLE_OBJC_ARC = YES;
				CLANG_ENABLE_OBJC_WEAK = YES;
				CLANG_WARN_BLOCK_CAPTURE_AUTORELEASING = YES;
				CLANG_WARN_BOOL_CONVERSION = YES;
				CLANG_WARN_COMMA = YES;
				CLANG_WARN_CONSTANT_CONVERSION = YES;
				CLANG_WARN_DEPRECATED_OBJC_IMPLEMENTATIONS = YES;
				CLANG_WARN_DIRECT_OBJC_ISA_USAGE = YES_ERROR;
				CLANG_WARN_DOCUMENTATION_COMMENTS = YES;
				CLANG_WARN_EMPTY_BODY = YES;
				CLANG_WARN_ENUM_CONVERSION = YES;
				CLANG_WARN_INFINITE_RECURSION = YES;
				CLANG_WARN_INT_CONVERSION = YES;
				CLANG_WARN_NON_LITERAL_NULL_CONVERSION = YES;
				CLANG_WARN_OBJC_IMPLICIT_RETAIN_SELF = YES;
				CLANG_WARN_OBJC_LITERAL_CONVERSION = YES;
				CLANG_WARN_OBJC_ROOT_CLASS = YES_ERROR;
				CLANG_WARN_QUOTED_INCLUDE_IN_FRAMEWORK_HEADER = YES;
				CLANG_WARN_RANGE_LOOP_ANALYSIS = YES;
				CLANG_WARN_STRICT_PROTOTYPES = YES;
				CLANG_WARN_SUSPICIOUS_MOVE = YES;
				CLANG_WARN_UNGUARDED_AVAILABILITY = YES_AGGRESSIVE;
				CLANG_WARN_UNREACHABLE_CODE = YES;
				CLANG_WARN__DUPLICATE_METHOD_MATCH = YES;
				COPY_PHASE_STRIP = NO;
				DEBUG_INFORMATION_FORMAT = "dwarf-with-dsym";
				ENABLE_NS_ASSERTIONS = NO;
				ENABLE_STRICT_OBJC_MSGSEND = YES;
				ENABLE_USER_SCRIPT_SANDBOXING = YES;
				GCC_C_LANGUAGE_STANDARD = gnu17;
				GCC_NO_COMMON_BLOCKS = YES;
				GCC_WARN_64_TO_32_BIT_CONVERSION = YES;
				GCC_WARN_ABOUT_RETURN_TYPE = YES_ERROR;
				GCC_WARN_UNDECLARED_SELECTOR = YES;
				GCC_WARN_UNINITIALIZED_AUTOS = YES_AGGRESSIVE;
				GCC_WARN_UNUSED_FUNCTION = YES;
				GCC_WARN_UNUSED_VARIABLE = YES;
				IPHONEOS_DEPLOYMENT_TARGET = 17.0;
				LOCALIZATION_PREFERS_STRING_CATALOGS = YES;
				MTL_ENABLE_DEBUG_INFO = NO;
				MTL_FAST_MATH = YES;
				SDKROOT = iphoneos;
				SWIFT_COMPILATION_MODE = wholemodule;
				VALIDATE_PRODUCT = YES;
			};
			name = Release;
		};
		9176A98E2B5ED387005D9312 /* Debug */ = {
			isa = XCBuildConfiguration;
			buildSettings = {
				ASSETCATALOG_COMPILER_APPICON_NAME = AppIcon;
				ASSETCATALOG_COMPILER_GLOBAL_ACCENT_COLOR_NAME = AccentColor;
				CODE_SIGN_STYLE = Automatic;
				CURRENT_PROJECT_VERSION = 1;
				GENERATE_INFOPLIST_FILE = YES;
				INFOPLIST_FILE = WeatherApp/Info.plist;
				INFOPLIST_KEY_UIApplicationSupportsIndirectInputEvents = YES;
				INFOPLIST_KEY_UILaunchStoryboardName = LaunchScreen;
				INFOPLIST_KEY_UIMainStoryboardFile = Main;
				INFOPLIST_KEY_UISupportedInterfaceOrientations_iPad = "UIInterfaceOrientationPortrait UIInterfaceOrientationPortraitUpsideDown UIInterfaceOrientationLandscapeLeft UIInterfaceOrientationLandscapeRight";
				INFOPLIST_KEY_UISupportedInterfaceOrientations_iPhone = "UIInterfaceOrientationPortrait UIInterfaceOrientationLandscapeLeft UIInterfaceOrientationLandscapeRight";
				LD_RUNPATH_SEARCH_PATHS = (
					"$(inherited)",
					"@executable_path/Frameworks",
				);
				MARKETING_VERSION = 1.0;
				PRODUCT_BUNDLE_IDENTIFIER = doniyornormuxammedov.WeatherApp;
				PRODUCT_NAME = "$(TARGET_NAME)";
				SUPPORTED_PLATFORMS = "iphoneos iphonesimulator";
				SUPPORTS_MACCATALYST = NO;
				SUPPORTS_MAC_DESIGNED_FOR_IPHONE_IPAD = NO;
				SWIFT_EMIT_LOC_STRINGS = YES;
				SWIFT_VERSION = 5.0;
				TARGETED_DEVICE_FAMILY = "1,2";
			};
			name = Debug;
		};
		9176A98F2B5ED387005D9312 /* Release */ = {
			isa = XCBuildConfiguration;
			buildSettings = {
				ASSETCATALOG_COMPILER_APPICON_NAME = AppIcon;
				ASSETCATALOG_COMPILER_GLOBAL_ACCENT_COLOR_NAME = AccentColor;
				CODE_SIGN_STYLE = Automatic;
				CURRENT_PROJECT_VERSION = 1;
				GENERATE_INFOPLIST_FILE = YES;
				INFOPLIST_FILE = WeatherApp/Info.plist;
				INFOPLIST_KEY_UIApplicationSupportsIndirectInputEvents = YES;
				INFOPLIST_KEY_UILaunchStoryboardName = LaunchScreen;
				INFOPLIST_KEY_UIMainStoryboardFile = Main;
				INFOPLIST_KEY_UISupportedInterfaceOrientations_iPad = "UIInterfaceOrientationPortrait UIInterfaceOrientationPortraitUpsideDown UIInterfaceOrientationLandscapeLeft UIInterfaceOrientationLandscapeRight";
				INFOPLIST_KEY_UISupportedInterfaceOrientations_iPhone = "UIInterfaceOrientationPortrait UIInterfaceOrientationLandscapeLeft UIInterfaceOrientationLandscapeRight";
				LD_RUNPATH_SEARCH_PATHS = (
					"$(inherited)",
					"@executable_path/Frameworks",
				);
				MARKETING_VERSION = 1.0;
				PRODUCT_BUNDLE_IDENTIFIER = doniyornormuxammedov.WeatherApp;
				PRODUCT_NAME = "$(TARGET_NAME)";
				SUPPORTED_PLATFORMS = "iphoneos iphonesimulator";
				SUPPORTS_MACCATALYST = NO;
				SUPPORTS_MAC_DESIGNED_FOR_IPHONE_IPAD = NO;
				SWIFT_EMIT_LOC_STRINGS = YES;
				SWIFT_VERSION = 5.0;
				TARGETED_DEVICE_FAMILY = "1,2";
			};
			name = Release;
		};
/* End XCBuildConfiguration section */

/* Begin XCConfigurationList section */
		9176A9742B5ED385005D9312 /* Build configuration list for PBXProject "WeatherApp" */ = {
			isa = XCConfigurationList;
			buildConfigurations = (
				9176A98B2B5ED387005D9312 /* Debug */,
				9176A98C2B5ED387005D9312 /* Release */,
			);
			defaultConfigurationIsVisible = 0;
			defaultConfigurationName = Release;
		};
		9176A98D2B5ED387005D9312 /* Build configuration list for PBXNativeTarget "WeatherApp" */ = {
			isa = XCConfigurationList;
			buildConfigurations = (
				9176A98E2B5ED387005D9312 /* Debug */,
				9176A98F2B5ED387005D9312 /* Release */,
			);
			defaultConfigurationIsVisible = 0;
			defaultConfigurationName = Release;
		};
/* End XCConfigurationList section */

/* Begin XCVersionGroup section */
		9198C0F42B62A168000086F8 /* WeatherModel.xcdatamodeld */ = {
			isa = XCVersionGroup;
			children = (
				9198C0F52B62A168000086F8 /* WeatherModel.xcdatamodel */,
			);
			currentVersion = 9198C0F52B62A168000086F8 /* WeatherModel.xcdatamodel */;
			path = WeatherModel.xcdatamodeld;
			sourceTree = "<group>";
			versionGroupType = wrapper.xcdatamodel;
		};
/* End XCVersionGroup section */
	};
	rootObject = 9176A9712B5ED385005D9312 /* Project object */;
}
